
Microsoft Visual Studio Solution File, Format Version 12.00
# Visual Studio Version 16
VisualStudioVersion = 16.0.31515.178
MinimumVisualStudioVersion = 10.0.40219.1
Project("{8BC9CEB8-8B4A-11D0-8D11-00A0C91BC942}") = "String", "String\String.vcxproj", "{A11A79D4-972C-481C-ABE7-C0D228727D36}"
EndProject
Global
	GlobalSection(SolutionConfigurationPlatforms) = preSolution
		Debug|x64 = Debug|x64
		Debug|x86 = Debug|x86
		Release|x64 = Release|x64
		Release|x86 = Release|x86
	EndGlobalSection
	GlobalSection(ProjectConfigurationPlatforms) = postSolution
		{A11A79D4-972C-481C-ABE7-C0D228727D36}.Debug|x64.ActiveCfg = Debug|x64
		{A11A79D4-972C-481C-ABE7-C0D228727D36}.Debug|x64.Build.0 = Debug|x64
		{A11A79D4-972C-481C-ABE7-C0D228727D36}.Debug|x86.ActiveCfg = Debug|Win32
		{A11A79D4-972C-481C-ABE7-C0D228727D36}.Debug|x86.Build.0 = Debug|Win32
		{A11A79D4-972C-481C-ABE7-C0D228727D36}.Release|x64.ActiveCfg = Release|x64
		{A11A79D4-972C-481C-ABE7-C0D228727D36}.Release|x64.Build.0 = Release|x64
		{A11A79D4-972C-481C-ABE7-C0D228727D36}.Release|x86.ActiveCfg = Release|Win32
		{A11A79D4-972C-481C-ABE7-C0D228727D36}.Release|x86.Build.0 = Release|Win32
	EndGlobalSection
	GlobalSection(SolutionProperties) = preSolution
		HideSolutionNode = FALSE
	EndGlobalSection
	GlobalSection(ExtensibilityGlobals) = postSolution
		SolutionGuid = {1EE9325E-E697-46C1-AB2F-1EE40E932E4F}
	EndGlobalSection
EndGlobal
